
Microsoft Visual Studio Solution File, Format Version 12.00
Project("{FAE04EC0-301F-11D3-BF4B-00C04F79EFBC}") = "e-commerce", "e-commerce\e-commerce.csproj", "{7576B862-95E5-4B5D-93B6-52D869A4ACDB}"
EndProject
Global
	GlobalSection(SolutionConfigurationPlatforms) = preSolution
		Debug|Any CPU = Debug|Any CPU
		Release|Any CPU = Release|Any CPU
	EndGlobalSection
	GlobalSection(ProjectConfigurationPlatforms) = postSolution
		{7576B862-95E5-4B5D-93B6-52D869A4ACDB}.Debug|Any CPU.ActiveCfg = Debug|Any CPU
		{7576B862-95E5-4B5D-93B6-52D869A4ACDB}.Debug|Any CPU.Build.0 = Debug|Any CPU
		{7576B862-95E5-4B5D-93B6-52D869A4ACDB}.Release|Any CPU.ActiveCfg = Release|Any CPU
		{7576B862-95E5-4B5D-93B6-52D869A4ACDB}.Release|Any CPU.Build.0 = Release|Any CPU
	EndGlobalSection
EndGlobal
